ing>(28745435));
								bool flag7 = flag6;
								if (flag7)
								{
									this.LogMessage(string.Format(<Module>.\u206B\u206C\u202A\u200B\u202D\u206F\u202C\u202C\u200B\u200C\u200B\u200D\u202C\u202E\u202E\u200F\u206A\u200F\u202E\u200D\u206E\u200B\u206A\u202B\u206C\u202A\u200C\u200E\u206D\u200C\u206F\u202C\u202A\u206C\u206A\u200C\u206C\u202A\u200D\u202E<string>(587214683), companion.Name));
								}
								else
								{
									bool flag8 = MobileParty.MainParty == null;
									if (flag8)
									{
										this.LogMessage(string.Format(<Module>.\u206C\u206C\u206B\u200E\u200D\u206E\u206D\u202E\u202E\u206D\u206F\u200C\u202C\u206B\u200B\u206D\u200D\u202E\u202E\u200D\u200C\u206D\u200D\u202C\u206F\u200B\u202A\u200F\u206E\u206C\u206C\u202D\u200B\u206B\u200B\u206C\u202A\u206D\u206A\u200F\u202E<string>(1873031735), companion.Name));
									}
									else
									{
										this.LogMessage(string.Format(<Module>.\u206C\u206C\u206B\u200E\u200D\u206E\u206D\u202E\u202E\u206D\u206F\u200C\u202C\u206B\u200B\u206D\u200D\u202E\u202E\u200D\u200C\u206D\u200D\u202C\u206F\u200B\u202A\u200F\u206E\u206C\u206C\u202D\u200B\u206B\u200B\u206C\u202A\u206D\u206A\u200F\u202E<string>(398741842), companion.Name));
										AddHeroToPartyAction.Apply(companion, MobileParty.MainParty, true);
										this.LogMessage(string.Format(<Module>.\u206B\u206C\u202A\u200B\u202D\u206F\u202C\u202C\u200B\u200C\u200B\u200D\u202C\u202E\u202E\u200F\u206A\u200F\u202E\u200D\u206E\u200B\u206A\u202B\u206C\u202A\u200C\u200E\u206D\u200C\u206F\u202C\u202A\u206C\u206A\u200C\u206C\u202A\u200D\u202E<string>(-672734483), companion.Name));
									}
								}
							}
						}
					}
				}
			}
			catch (Exception ex)
			{
				this.LogMessage(<Module>.\u200C\u202C\u206D\u206C\u